
Microsoft Visual Studio Solution File, Format Version 12.00
# Visual Studio Version 16
VisualStudioVersion = 16.0.29009.5
MinimumVisualStudioVersion = 10.0.40219.1
Project("{FAE04EC0-301F-11D3-BF4B-00C04F79EFBC}") = "porównywanie", "porównywanie\porównywanie.csproj", "{615801AC-86E4-49B7-84C9-63CFCA643A1E}"
EndProject
Global
	GlobalSection(SolutionConfigurationPlatforms) = preSolution
		Debug|Any CPU = Debug|Any CPU
		Release|Any CPU = Release|Any CPU
	EndGlobalSection
	GlobalSection(ProjectConfigurationPlatforms) = postSolution
		{615801AC-86E4-49B7-84C9-63CFCA643A1E}.Debug|Any CPU.ActiveCfg = Debug|Any CPU
		{615801AC-86E4-49B7-84C9-63CFCA643A1E}.Debug|Any CPU.Build.0 = Debug|Any CPU
		{615801AC-86E4-49B7-84C9-63CFCA643A1E}.Release|Any CPU.ActiveCfg = Release|Any CPU
		{615801AC-86E4-49B7-84C9-63CFCA643A1E}.Release|Any CPU.Build.0 = Release|Any CPU
	EndGlobalSection
	GlobalSection(SolutionProperties) = preSolution
		HideSolutionNode = FALSE
	EndGlobalSection
	GlobalSection(ExtensibilityGlobals) = postSolution
		SolutionGuid = {D3FD4AD6-AAD3-4BA0-9E66-08365C452503}
	EndGlobalSection
EndGlobal
